{
  "name": "gapi-script",
  "version": "1.2.0",
  "lockfileVersion": 1,
  "requires": true,
  "dependencies": {
    "@types/gapi": {
      "version": "0.0.43",
      "resolved": "https://registry.npmjs.org/@types/gapi/-/gapi-0.0.43.tgz",
      "integrity": "sha512-GbnoTC1psXR1XlBE76LW0eanE/a56iGUzbUOImEI8/xXHuppdbhhIKX9Z71mTut2XoFADh58PgfRg1cyD7TnTw==",
      "dev": true
    },
    "@types/gapi.auth2": {
      "version": "0.0.53",
      "resolved": "https://registry.npmjs.org/@types/gapi.auth2/-/gapi.auth2-0.0.53.tgz",
      "integrity": "sha512-Ktd4EE6FUxs7aco8F/3jyOMqamoYTzaH9UjirxEZwQ/BpAzlXhzNhdcK/9aoiCaRRRYwggTv/ZlwQVU7lK7Ilw==",
      "dev": true,
      "requires": {
        "@types/gapi": "*"
      }
    }
  }
}
